
Microsoft Visual Studio Solution File, Format Version 12.00
# Visual Studio 15
VisualStudioVersion = 15.0.28010.2036
MinimumVisualStudioVersion = 10.0.40219.1
Project("{FAE04EC0-301F-11D3-BF4B-00C04F79EFBC}") = "Tools", "Tools\Tools.csproj", "{CF03BF55-8FE0-45D1-A0BE-BB39F4DB16A4}"
EndProject
Project("{FAE04EC0-301F-11D3-BF4B-00C04F79EFBC}") = "Excel", "Excel\Excel.csproj", "{A1DB79AC-DCA7-4C73-A7CB-FE3CEBCA4F99}"
EndProject
Project("{FAE04EC0-301F-11D3-BF4B-00C04F79EFBC}") = "Word", "Word3\Word.csproj", "{586098F5-A30B-493B-8986-BD7C5B976C3A}"
EndProject
Project("{FAE04EC0-301F-11D3-BF4B-00C04F79EFBC}") = "Calendar", "Calendar\Calendar.csproj", "{F8C016AE-1C7F-4A14-A1BD-6889E1D692AB}"
EndProject
Project("{2150E333-8FDC-42A3-9474-1A3956D46DE8}") = "HDownloader", "HDownloader", "{CD4D0A0F-4E18-45B9-A7FD-6958AEA12B99}"
EndProject
Project("{FAE04EC0-301F-11D3-BF4B-00C04F79EFBC}") = "HDownloader.App", "HDownloader\HDownloader.App\HDownloader.App.csproj", "{18AE3994-8F48-49B1-AC63-342F70ED1135}"
EndProject
Project("{FAE04EC0-301F-11D3-BF4B-00C04F79EFBC}") = "HDownloader.Core", "HDownloader\HDownloader.Core\HDownloader.Core.csproj", "{E763345E-6696-4C53-8764-47E4ABD67DEF}"
EndProject
Project("{FAE04EC0-301F-11D3-BF4B-00C04F79EFBC}") = "HDownloader.Extension", "HDownloader\HDownloader.Extension\HDownloader.Extension.csproj", "{FEA18B6C-491F-401A-A06B-AE47888FF288}"
EndProject
Project("{FAE04EC0-301F-11D3-BF4B-00C04F79EFBC}") = "HDownloader.IEPlugin", "HDownloader\HDownloader.IEPlugin\HDownloader.IEPlugin.csproj", "{91BB212C-D158-4B83-A3BC-1A41BBDC8463}"
EndProject
Project("{FAE04EC0-301F-11D3-BF4B-00C04F79EFBC}") = "HDownloader.Tests", "HDownloader\HDownloader.Tests\HDownloader.Tests.csproj", "{3232779E-E9F4-4D70-9969-F435D98B1A8B}"
EndProject
Project("{FAE04EC0-301F-11D3-BF4B-00C04F79EFBC}") = "HDownloader.Spider", "HDownloader\HDownloader.Spider\HDownloader.Spider.csproj", "{69C99442-953E-4559-96D3-C82CC57A3C87}"
EndProject
Project("{FAE04EC0-301F-11D3-BF4B-00C04F79EFBC}") = "HDownloader", "HDownloader\HDownloader\HDownloader.csproj", "{03EB55E3-FE18-4993-A002-B0F7E8B8A91D}"
EndProject
Global
	GlobalSection(SolutionConfigurationPlatforms) = preSolution
		Debug|Any CPU = Debug|Any CPU
		Debug|x86 = Debug|x86
		Release|Any CPU = Release|Any CPU
		Release|x86 = Release|x86
	EndGlobalSection
	GlobalSection(ProjectConfigurationPlatforms) = postSolution
		{CF03BF55-8FE0-45D1-A0BE-BB39F4DB16A4}.Debug|Any CPU.ActiveCfg = Debug|Any CPU
		{CF03BF55-8FE0-45D1-A0BE-BB39F4DB16A4}.Debug|Any CPU.Build.0 = Debug|Any CPU
		{CF03BF55-8FE0-45D1-A0BE-BB39F4DB16A4}.Debug|x86.ActiveCfg = Debug|Any CPU
		{CF03BF55-8FE0-45D1-A0BE-BB39F4DB16A4}.Debug|x86.Build.0 = Debug|Any CPU
		{CF03BF55-8FE0-45D1-A0BE-BB39F4DB16A4}.Release|Any CPU.ActiveCfg = Release|Any CPU
		{CF03BF55-8FE0-45D1-A0BE-BB39F4DB16A4}.Release|Any CPU.Build.0 = Release|Any CPU
		{CF03BF55-8FE0-45D1-A0BE-BB39F4DB16A4}.Release|x86.ActiveCfg = Release|Any CPU
		{CF03BF55-8FE0-45D1-A0BE-BB39F4DB16A4}.Release|x86.Build.0 = Release|Any CPU
		{A1DB79AC-DCA7-4C73-A7CB-FE3CEBCA4F99}.Debug|Any CPU.ActiveCfg = Debug|Any CPU
		{A1DB79AC-DCA7-4C73-A7CB-FE3CEBCA4F99}.Debug|Any CPU.Build.0 = Debug|Any CPU
		{A1DB79AC-DCA7-4C73-A7CB-FE3CEBCA4F99}.Debug|x86.ActiveCfg = Debug|Any CPU
		{A1DB79AC-DCA7-4C73-A7CB-FE3CEBCA4F99}.Debug|x86.Build.0 = Debug|Any CPU
		{A1DB79AC-DCA7-4C73-A7CB-FE3CEBCA4F99}.Release|Any CPU.ActiveCfg = Release|Any CPU
		{A1DB79AC-DCA7-4C73-A7CB-FE3CEBCA4F99}.Release|Any CPU.Build.0 = Release|Any CPU
		{A1DB79AC-DCA7-4C73-A7CB-FE3CEBCA4F99}.Release|x86.ActiveCfg = Release|Any CPU
		{A1DB79AC-DCA7-4C73-A7CB-FE3CEBCA4F99}.Release|x86.Build.0 = Release|Any CPU
		{586098F5-A30B-493B-8986-BD7C5B976C3A}.Debug|Any CPU.ActiveCfg = Debug|Any CPU
		{586098F5-A30B-493B-8986-BD7C5B976C3A}.Debug|Any CPU.Build.0 = Debug|Any CPU
		{586098F5-A30B-493B-8986-BD7C5B976C3A}.Debug|x86.ActiveCfg = Debug|Any CPU
		{586098F5-A30B-493B-8986-BD7C5B976C3A}.Debug|x86.Build.0 = Debug|Any CPU
		{586098F5-A30B-493B-8986-BD7C5B976C3A}.Release|Any CPU.ActiveCfg = Release|Any CPU
		{586098F5-A30B-493B-8986-BD7C5B976C3A}.Release|Any CPU.Build.0 = Release|Any CPU
		{586098F5-A30B-493B-8986-BD7C5B976C3A}.Release|x86.ActiveCfg = Release|Any CPU
		{586098F5-A30B-493B-8986-BD7C5B976C3A}.Release|x86.Build.0 = Release|Any CPU
		{F8C016AE-1C7F-4A14-A1BD-6889E1D692AB}.Debug|Any CPU.ActiveCfg = Debug|Any CPU
		{F8C016AE-1C7F-4A14-A1BD-6889E1D692AB}.Debug|Any CPU.Build.0 = Debug|Any CPU
		{F8C016AE-1C7F-4A14-A1BD-6889E1D692AB}.Debug|x86.ActiveCfg = Debug|Any CPU
		{F8C016AE-1C7F-4A14-A1BD-6889E1D692AB}.Debug|x86.Build.0 = Debug|Any CPU
		{F8C016AE-1C7F-4A14-A1BD-6889E1D692AB}.Release|Any CPU.ActiveCfg = Release|Any CPU
		{F8C016AE-1C7F-4A14-A1BD-6889E1D692AB}.Release|Any CPU.Build.0 = Release|Any CPU
		{F8C016AE-1C7F-4A14-A1BD-6889E1D692AB}.Release|x86.ActiveCfg = Release|Any CPU
		{F8C016AE-1C7F-4A14-A1BD-6889E1D692AB}.Release|x86.Build.0 = Release|Any CPU
		{18AE3994-8F48-49B1-AC63-342F70ED1135}.Debug|Any CPU.ActiveCfg = Debug|Any CPU
		{18AE3994-8F48-49B1-AC63-342F70ED1135}.Debug|Any CPU.Build.0 = Debug|Any CPU
		{18AE3994-8F48-49B1-AC63-342F70ED1135}.Debug|x86.ActiveCfg = Debug|Any CPU
		{18AE3994-8F48-49B1-AC63-342F70ED1135}.Debug|x86.Build.0 = Debug|Any CPU
		{18AE3994-8F48-49B1-AC63-342F70ED1135}.Release|Any CPU.ActiveCfg = Release|Any CPU
		{18AE3994-8F48-49B1-AC63-342F70ED1135}.Release|Any CPU.Build.0 = Release|Any CPU
		{18AE3994-8F48-49B1-AC63-342F70ED1135}.Release|x86.ActiveCfg = Release|Any CPU
		{18AE3994-8F48-49B1-AC63-342F70ED1135}.Release|x86.Build.0 = Release|Any CPU
		{E763345E-6696-4C53-8764-47E4ABD67DEF}.Debug|Any CPU.ActiveCfg = Debug|Any CPU
		{E763345E-6696-4C53-8764-47E4ABD67DEF}.Debug|Any CPU.Build.0 = Debug|Any CPU
		{E763345E-6696-4C53-8764-47E4ABD67DEF}.Debug|x86.ActiveCfg = Debug|Any CPU
		{E763345E-6696-4C53-8764-47E4ABD67DEF}.Debug|x86.Build.0 = Debug|Any CPU
		{E763345E-6696-4C53-8764-47E4ABD67DEF}.Release|Any CPU.ActiveCfg = Release|Any CPU
		{E763345E-6696-4C53-8764-47E4ABD67DEF}.Release|Any CPU.Build.0 = Release|Any CPU
		{E763345E-6696-4C53-8764-47E4ABD67DEF}.Release|x86.ActiveCfg = Release|Any CPU
		{E763345E-6696-4C53-8764-47E4ABD67DEF}.Release|x86.Build.0 = Release|Any CPU
		{FEA18B6C-491F-401A-A06B-AE47888FF288}.Debug|Any CPU.ActiveCfg = Debug|Any CPU
		{FEA18B6C-491F-401A-A06B-AE47888FF288}.Debug|Any CPU.Build.0 = Debug|Any CPU
		{FEA18B6C-491F-401A-A06B-AE47888FF288}.Debug|x86.ActiveCfg = Debug|Any CPU
		{FEA18B6C-491F-401A-A06B-AE47888FF288}.Debug|x86.Build.0 = Debug|Any CPU
		{FEA18B6C-491F-401A-A06B-AE47888FF288}.Release|Any CPU.ActiveCfg = Release|Any CPU
		{FEA18B6C-491F-401A-A06B-AE47888FF288}.Release|Any CPU.Build.0 = Release|Any CPU
		{FEA18B6C-491F-401A-A06B-AE47888FF288}.Release|x86.ActiveCfg = Release|Any CPU
		{FEA18B6C-491F-401A-A06B-AE47888FF288}.Release|x86.Build.0 = Release|Any CPU
		{91BB212C-D158-4B83-A3BC-1A41BBDC8463}.Debug|Any CPU.ActiveCfg = Debug|Any CPU
		{91BB212C-D158-4B83-A3BC-1A41BBDC8463}.Debug|Any CPU.Build.0 = Debug|Any CPU
		{91BB212C-D158-4B83-A3BC-1A41BBDC8463}.Debug|x86.ActiveCfg = Debug|Any CPU
		{91BB212C-D158-4B83-A3BC-1A41BBDC8463}.Debug|x86.Build.0 = Debug|Any CPU
		{91BB212C-D158-4B83-A3BC-1A41BBDC8463}.Release|Any CPU.ActiveCfg = Release|Any CPU
		{91BB212C-D158-4B83-A3BC-1A41BBDC8463}.Release|Any CPU.Build.0 = Release|Any CPU
		{91BB212C-D158-4B83-A3BC-1A41BBDC8463}.Release|x86.ActiveCfg = Release|Any CPU
		{91BB212C-D158-4B83-A3BC-1A41BBDC8463}.Release|x86.Build.0 = Release|Any CPU
		{3232779E-E9F4-4D70-9969-F435D98B1A8B}.Debug|Any CPU.ActiveCfg = Debug|Any CPU
		{3232779E-E9F4-4D70-9969-F435D98B1A8B}.Debug|Any CPU.Build.0 = Debug|Any CPU
		{3232779E-E9F4-4D70-9969-F435D98B1A8B}.Debug|x86.ActiveCfg = Debug|Any CPU
		{3232779E-E9F4-4D70-9969-F435D98B1A8B}.Debug|x86.Build.0 = Debug|Any CPU
		{3232779E-E9F4-4D70-9969-F435D98B1A8B}.Release|Any CPU.ActiveCfg = Release|Any CPU
		{3232779E-E9F4-4D70-9969-F435D98B1A8B}.Release|Any CPU.Build.0 = Release|Any CPU
		{3232779E-E9F4-4D70-9969-F435D98B1A8B}.Release|x86.ActiveCfg = Release|Any CPU
		{3232779E-E9F4-4D70-9969-F435D98B1A8B}.Release|x86.Build.0 = Release|Any CPU
		{69C99442-953E-4559-96D3-C82CC57A3C87}.Debug|Any CPU.ActiveCfg = Debug|Any CPU
		{69C99442-953E-4559-96D3-C82CC57A3C87}.Debug|Any CPU.Build.0 = Debug|Any CPU
		{69C99442-953E-4559-96D3-C82CC57A3C87}.Debug|x86.ActiveCfg = Debug|Any CPU
		{69C99442-953E-4559-96D3-C82CC57A3C87}.Debug|x86.Build.0 = Debug|Any CPU
		{69C99442-953E-4559-96D3-C82CC57A3C87}.Release|Any CPU.ActiveCfg = Release|Any CPU
		{69C99442-953E-4559-96D3-C82CC57A3C87}.Release|Any CPU.Build.0 = Release|Any CPU
		{69C99442-953E-4559-96D3-C82CC57A3C87}.Release|x86.ActiveCfg = Release|Any CPU
		{69C99442-953E-4559-96D3-C82CC57A3C87}.Release|x86.Build.0 = Release|Any CPU
		{03EB55E3-FE18-4993-A002-B0F7E8B8A91D}.Debug|Any CPU.ActiveCfg = Debug|x86
		{03EB55E3-FE18-4993-A002-B0F7E8B8A91D}.Debug|x86.ActiveCfg = Debug|x86
		{03EB55E3-FE18-4993-A002-B0F7E8B8A91D}.Debug|x86.Build.0 = Debug|x86
		{03EB55E3-FE18-4993-A002-B0F7E8B8A91D}.Release|Any CPU.ActiveCfg = Release|x86
		{03EB55E3-FE18-4993-A002-B0F7E8B8A91D}.Release|x86.ActiveCfg = Release|x86
		{03EB55E3-FE18-4993-A002-B0F7E8B8A91D}.Release|x86.Build.0 = Release|x86
	EndGlobalSection
	GlobalSection(SolutionProperties) = preSolution
		HideSolutionNode = FALSE
	EndGlobalSection
	GlobalSection(NestedProjects) = preSolution
		{18AE3994-8F48-49B1-AC63-342F70ED1135} = {CD4D0A0F-4E18-45B9-A7FD-6958AEA12B99}
		{E763345E-6696-4C53-8764-47E4ABD67DEF} = {CD4D0A0F-4E18-45B9-A7FD-6958AEA12B99}
		{FEA18B6C-491F-401A-A06B-AE47888FF288} = {CD4D0A0F-4E18-45B9-A7FD-6958AEA12B99}
		{91BB212C-D158-4B83-A3BC-1A41BBDC8463} = {CD4D0A0F-4E18-45B9-A7FD-6958AEA12B99}
		{3232779E-E9F4-4D70-9969-F435D98B1A8B} = {CD4D0A0F-4E18-45B9-A7FD-6958AEA12B99}
		{69C99442-953E-4559-96D3-C82CC57A3C87} = {CD4D0A0F-4E18-45B9-A7FD-6958AEA12B99}
		{03EB55E3-FE18-4993-A002-B0F7E8B8A91D} = {CD4D0A0F-4E18-45B9-A7FD-6958AEA12B99}
	EndGlobalSection
	GlobalSection(ExtensibilityGlobals) = postSolution
		SolutionGuid = {9851DC44-2B7E-40E2-A3E3-F25F81739E2E}
	EndGlobalSection
EndGlobal
